{
  "name": "tutorials",
  "version": "1.0.0",
  "lockfileVersion": 1,
  "requires": true,
  "dependencies": {
    "systeminformation": {
      "version": "4.26.9",
      "resolved": "https://registry.npmjs.org/systeminformation/-/systeminformation-4.26.9.tgz",
      "integrity": "sha512-69MTIX9j//wnteJzQWuGL6FiMxlfS3wTWyhROI6pNUaQALYqJb3W9VtLVcEcKFOjO1vrGRgilJVFzJeRRi//Pg=="
    }
  }
}
